
Microsoft Visual Studio Solution File, Format Version 12.00
# Visual Studio 15
VisualStudioVersion = 15.0.27428.2011
MinimumVisualStudioVersion = 10.0.40219.1
Project("{888888A0-9F3D-457C-B088-3A5042F75D52}") = "cvhw2", "cvhw2\cvhw2.pyproj", "{F228C890-FD6A-4FEB-B219-C0AB27720CE9}"
EndProject
Global
	GlobalSection(SolutionConfigurationPlatforms) = preSolution
		Debug|Any CPU = Debug|Any CPU
		Release|Any CPU = Release|Any CPU
	EndGlobalSection
	GlobalSection(ProjectConfigurationPlatforms) = postSolution
		{F228C890-FD6A-4FEB-B219-C0AB27720CE9}.Debug|Any CPU.ActiveCfg = Debug|Any CPU
		{F228C890-FD6A-4FEB-B219-C0AB27720CE9}.Release|Any CPU.ActiveCfg = Release|Any CPU
	EndGlobalSection
	GlobalSection(SolutionProperties) = preSolution
		HideSolutionNode = FALSE
	EndGlobalSection
	GlobalSection(ExtensibilityGlobals) = postSolution
		SolutionGuid = {7DD59988-F400-4DD2-82A9-FAA9428BC4EE}
	EndGlobalSection
EndGlobal
